{
  "name": "Baimir_Main_Front",
  "lockfileVersion": 3,
  "requires": true,
  "packages": {
    "": {
      "dependencies": {
        "@tolgee/i18next": "^6.6.0",
        "@tolgee/react": "^6.6.0",
        "@tolgee/web": "^6.6.0",
        "i18next-http-backend": "^3.0.2"
      }
    },
    "node_modules/@babel/runtime": {
      "version": "7.29.2",
      "resolved": "https://registry.npmjs.org/@babel/runtime/-/runtime-7.29.2.tgz",
      "integrity": "sha512-JiDShH45zKHWyGe4ZNVRrCjBz8Nh9TMmZG1kh4QTK8hCBTWBi8Da+i7s1fJw7/lYpM4ccepSNfqzZ/QvABBi5g==",
      "license": "MIT",
      "peer": true,
      "engines": {
        "node": ">=6.9.0"
      }
    },
    "node_modules/@tolgee/core": {
      "version": "6.6.0",
      "resolved": "https://registry.npmjs.org/@tolgee/core/-/core-6.6.0.tgz",
      "integrity": "sha512-jN1RfHqTx6vLbyGz0A1qvu7gf/FFhsgEFJvLTx837vz2Z1MrRMsslJ39g3wVM90W7UmIM25yFmnXm6okvt+13g==",
      "license": "MIT"
    },
    "node_modules/@tolgee/i18next": {
      "version": "6.6.0",
      "resolved": "https://registry.npmjs.org/@tolgee/i18next/-/i18next-6.6.0.tgz",
      "integrity": "sha512-3X+BiFU4XlQeyfXlYJsLqflfe03J8nOR24iVMwMKReNovITHl0l22gXCzLY02jqhAyR+cMPsx/P8dTDSC7cATQ==",
      "license": "MIT",
      "dependencies": {
        "@tolgee/web": "6.6.0"
      },
      "peerDependencies": {
        "i18next": "*"
      }
    },
    "node_modules/@tolgee/react": {
      "version": "6.6.0",
      "resolved": "https://registry.npmjs.org/@tolgee/react/-/react-6.6.0.tgz",
      "integrity": "sha512-z6/ZPwLxW75fFCJib4Fe0myNIJs66BdrsoNQoz8ClXXT7thH7U0gwhjSeBGzbTfVPHJwQjNlD9mXQ9gPfFunbQ==",
      "license": "MIT",
      "dependencies": {
        "@tolgee/web": "6.6.0"
      },
      "peerDependencies": {
        "react": "^16.14.0 || ^17.0.1 || ^18.1.0 || ^19"
      }
    },
    "node_modules/@tolgee/web": {
      "version": "6.6.0",
      "resolved": "https://registry.npmjs.org/@tolgee/web/-/web-6.6.0.tgz",
      "integrity": "sha512-x96madaGFBwV9YBJTvATvtHKvFQuNU1UInw49ifQ+N/vSB857dMx4ef0P28WuZ9LhDRJnbjBPRWbB++ucR9QEA==",
      "license": "BSD-3-Clause",
      "dependencies": {
        "@tolgee/core": "6.6.0"
      }
    },
    "node_modules/cross-fetch": {
      "version": "4.0.0",
      "resolved": "https://registry.npmjs.org/cross-fetch/-/cross-fetch-4.0.0.tgz",
      "integrity": "sha512-e4a5N8lVvuLgAWgnCrLr2PP0YyDOTHa9H/Rj54dirp61qXnNq46m82bRhNqIA5VccJtWBvPTFRV3TtvHUKPB1g==",
      "dependencies": {
        "node-fetch": "^2.6.12"
      }
    },
    "node_modules/i18next": {
      "version": "25.8.20",
      "resolved": "https://registry.npmjs.org/i18next/-/i18next-25.8.20.tgz",
      "integrity": "sha512-xjo9+lbX/P1tQt3xpO2rfJiBppNfUnNIPKgCvNsTKsvTOCro1Qr/geXVg1N47j5ScOSaXAPq8ET93raK3Rr06A==",
      "funding": [
        {
          "type": "individual",
          "url": "https://locize.com"
        },
        {
          "type": "individual",
          "url": "https://locize.com/i18next.html"
        },
        {
          "type": "individual",
          "url": "https://www.i18next.com/how-to/faq#i18next-is-awesome.-how-can-i-support-the-project"
        }
      ],
      "license": "MIT",
      "peer": true,
      "dependencies": {
        "@babel/runtime": "^7.28.6"
      },
      "peerDependencies": {
        "typescript": "^5"
      },
      "peerDependenciesMeta": {
        "typescript": {
          "optional": true
        }
      }
    },
    "node_modules/i18next-http-backend": {
      "version": "3.0.2",
      "resolved": "https://registry.npmjs.org/i18next-http-backend/-/i18next-http-backend-3.0.2.tgz",
      "integrity": "sha512-PdlvPnvIp4E1sYi46Ik4tBYh/v/NbYfFFgTjkwFl0is8A18s7/bx9aXqsrOax9WUbeNS6mD2oix7Z0yGGf6m5g==",
      "dependencies": {
        "cross-fetch": "4.0.0"
      }
    },
    "node_modules/node-fetch": {
      "version": "2.7.0",
      "resolved": "https://registry.npmjs.org/node-fetch/-/node-fetch-2.7.0.tgz",
      "integrity": "sha512-c4FRfUm/dbcWZ7U+1Wq0AwCyFL+3nt2bEw05wfxSz+DWpWsitgmSgYmy2dQdWyKC1694ELPqMs/YzUSNozLt8A==",
      "dependencies": {
        "whatwg-url": "^5.0.0"
      },
      "engines": {
        "node": "4.x || >=6.0.0"
      },
      "peerDependencies": {
        "encoding": "^0.1.0"
      },
      "peerDependenciesMeta": {
        "encoding": {
          "optional": true
        }
      }
    },
    "node_modules/react": {
      "version": "19.2.4",
      "resolved": "https://registry.npmjs.org/react/-/react-19.2.4.tgz",
      "integrity": "sha512-9nfp2hYpCwOjAN+8TZFGhtWEwgvWHXqESH8qT89AT/lWklpLON22Lc8pEtnpsZz7VmawabSU0gCjnj8aC0euHQ==",
      "license": "MIT",
      "peer": true,
      "engines": {
        "node": ">=0.10.0"
      }
    },
    "node_modules/tr46": {
      "version": "0.0.3",
      "resolved": "https://registry.npmjs.org/tr46/-/tr46-0.0.3.tgz",
      "integrity": "sha512-N3WMsuqV66lT30CrXNbEjx4GEwlow3v6rr4mCcv6prnfwhS01rkgyFdjPNBYd9br7LpXV1+Emh01fHnq2Gdgrw=="
    },
    "node_modules/webidl-conversions": {
      "version": "3.0.1",
      "resolved": "https://registry.npmjs.org/webidl-conversions/-/webidl-conversions-3.0.1.tgz",
      "integrity": "sha512-2JAn3z8AR6rjK8Sm8orRC0h/bcl/DqL7tRPdGZ4I1CjdF+EaMLmYxBHyXuKL849eucPFhvBoxMsflfOb8kxaeQ=="
    },
    "node_modules/whatwg-url": {
      "version": "5.0.0",
      "resolved": "https://registry.npmjs.org/whatwg-url/-/whatwg-url-5.0.0.tgz",
      "integrity": "sha512-saE57nupxk6v3HY35+jzBwYa0rKSy0XR8JSxZPwgLr7ys0IBzhGviA1/TUGJLmSVqs8pb9AnvICXEuOHLprYTw==",
      "dependencies": {
        "tr46": "~0.0.3",
        "webidl-conversions": "^3.0.0"
      }
    }
  }
}
