{
  "name": "Baimir_Main_Front",
  "lockfileVersion": 3,
  "requires": true,
  "packages": {
    "": {
      "dependencies": {
        "@tolgee/i18next": "^6.6.0",
        "@tolgee/react": "^6.6.0",
        "@tolgee/web": "^6.6.0"
      }
    },
    "node_modules/@babel/runtime": {
      "version": "7.29.2",
      "resolved": "https://registry.npmjs.org/@babel/runtime/-/runtime-7.29.2.tgz",
      "integrity": "sha512-JiDShH45zKHWyGe4ZNVRrCjBz8Nh9TMmZG1kh4QTK8hCBTWBi8Da+i7s1fJw7/lYpM4ccepSNfqzZ/QvABBi5g==",
      "license": "MIT",
      "peer": true,
      "engines": {
        "node": ">=6.9.0"
      }
    },
    "node_modules/@tolgee/core": {
      "version": "6.6.0",
      "resolved": "https://registry.npmjs.org/@tolgee/core/-/core-6.6.0.tgz",
      "integrity": "sha512-jN1RfHqTx6vLbyGz0A1qvu7gf/FFhsgEFJvLTx837vz2Z1MrRMsslJ39g3wVM90W7UmIM25yFmnXm6okvt+13g==",
      "license": "MIT"
    },
    "node_modules/@tolgee/i18next": {
      "version": "6.6.0",
      "resolved": "https://registry.npmjs.org/@tolgee/i18next/-/i18next-6.6.0.tgz",
      "integrity": "sha512-3X+BiFU4XlQeyfXlYJsLqflfe03J8nOR24iVMwMKReNovITHl0l22gXCzLY02jqhAyR+cMPsx/P8dTDSC7cATQ==",
      "license": "MIT",
      "dependencies": {
        "@tolgee/web": "6.6.0"
      },
      "peerDependencies": {
        "i18next": "*"
      }
    },
    "node_modules/@tolgee/react": {
      "version": "6.6.0",
      "resolved": "https://registry.npmjs.org/@tolgee/react/-/react-6.6.0.tgz",
      "integrity": "sha512-z6/ZPwLxW75fFCJib4Fe0myNIJs66BdrsoNQoz8ClXXT7thH7U0gwhjSeBGzbTfVPHJwQjNlD9mXQ9gPfFunbQ==",
      "license": "MIT",
      "dependencies": {
        "@tolgee/web": "6.6.0"
      },
      "peerDependencies": {
        "react": "^16.14.0 || ^17.0.1 || ^18.1.0 || ^19"
      }
    },
    "node_modules/@tolgee/web": {
      "version": "6.6.0",
      "resolved": "https://registry.npmjs.org/@tolgee/web/-/web-6.6.0.tgz",
      "integrity": "sha512-x96madaGFBwV9YBJTvATvtHKvFQuNU1UInw49ifQ+N/vSB857dMx4ef0P28WuZ9LhDRJnbjBPRWbB++ucR9QEA==",
      "license": "BSD-3-Clause",
      "dependencies": {
        "@tolgee/core": "6.6.0"
      }
    },
    "node_modules/i18next": {
      "version": "25.8.20",
      "resolved": "https://registry.npmjs.org/i18next/-/i18next-25.8.20.tgz",
      "integrity": "sha512-xjo9+lbX/P1tQt3xpO2rfJiBppNfUnNIPKgCvNsTKsvTOCro1Qr/geXVg1N47j5ScOSaXAPq8ET93raK3Rr06A==",
      "funding": [
        {
          "type": "individual",
          "url": "https://locize.com"
        },
        {
          "type": "individual",
          "url": "https://locize.com/i18next.html"
        },
        {
          "type": "individual",
          "url": "https://www.i18next.com/how-to/faq#i18next-is-awesome.-how-can-i-support-the-project"
        }
      ],
      "license": "MIT",
      "peer": true,
      "dependencies": {
        "@babel/runtime": "^7.28.6"
      },
      "peerDependencies": {
        "typescript": "^5"
      },
      "peerDependenciesMeta": {
        "typescript": {
          "optional": true
        }
      }
    },
    "node_modules/react": {
      "version": "19.2.4",
      "resolved": "https://registry.npmjs.org/react/-/react-19.2.4.tgz",
      "integrity": "sha512-9nfp2hYpCwOjAN+8TZFGhtWEwgvWHXqESH8qT89AT/lWklpLON22Lc8pEtnpsZz7VmawabSU0gCjnj8aC0euHQ==",
      "license": "MIT",
      "peer": true,
      "engines": {
        "node": ">=0.10.0"
      }
    }
  }
}
